PODS:
  - AppAuth (1.6.2):
    - AppAuth/Core (= 1.6.2)
    - AppAuth/ExternalUserAgent (= 1.6.2)
  - AppAuth/Core (1.6.2)
  - AppAuth/ExternalUserAgent (1.6.2):
    - AppAuth/Core
  - boost (1.76.0)
  - BVLinearGradient (2.8.3):
    - React-Core
  - DoubleConversion (1.1.6)
  - FBLazyVector (0.71.6)
  - FBReactNativeSpec (0.71.6):
    - RCT-Folly (= 2021.07.22.00)
    - RCTRequired (= 0.71.6)
    - RCTTypeSafety (= 0.71.6)
    - React-Core (= 0.71.6)
    - React-jsi (= 0.71.6)
    - ReactCommon/turbomodule/core (= 0.71.6)
  - FBSDKCoreKit (8.2.0):
    - FBSDKCoreKit/Basics (= 8.2.0)
    - FBSDKCoreKit/Core (= 8.2.0)
  - FBSDKCoreKit/Basics (8.2.0)
  - FBSDKCoreKit/Core (8.2.0):
    - FBSDKCoreKit/Basics
  - FBSDKLoginKit (8.2.0):
    - FBSDKLoginKit/Login (= 8.2.0)
  - FBSDKLoginKit/Login (8.2.0):
    - FBSDKCoreKit (~> 8.2.0)
  - FBSDKShareKit (8.2.0):
    - FBSDKShareKit/Share (= 8.2.0)
  - FBSDKShareKit/Share (8.2.0):
    - FBSDKCoreKit (~> 8.2.0)
  - Firebase (10.17.0):
    - Firebase/Core (= 10.17.0)
  - Firebase/Auth (10.17.0):
    - Firebase/CoreOnly
    - FirebaseAuth (~> 10.17.0)
  - Firebase/Core (10.17.0):
    - Firebase/CoreOnly
    - FirebaseAnalytics (~> 10.17.0)
  - Firebase/CoreOnly (10.17.0):
    - FirebaseCore (= 10.17.0)
  - Firebase/Database (10.17.0):
    - Firebase/CoreOnly
    - FirebaseDatabase (~> 10.17.0)
  - Firebase/DynamicLinks (10.17.0):
    - Firebase/CoreOnly
    - FirebaseDynamicLinks (~> 10.17.0)
  - Firebase/Messaging (10.17.0):
    - Firebase/CoreOnly
    - FirebaseMessaging (~> 10.17.0)
  - FirebaseAnalytics (10.17.0):
    - FirebaseAnalytics/AdIdSupport (= 10.17.0)
    - FirebaseCore (~> 10.0)
    - FirebaseInstallations (~> 10.0)
    - GoogleUtilities/AppDelegateSwizzler (~> 7.11)
    - GoogleUtilities/MethodSwizzler (~> 7.11)
    - GoogleUtilities/Network (~> 7.11)
    - "GoogleUtilities/NSData+zlib (~> 7.11)"
    - nanopb (< 2.30910.0, >= 2.30908.0)
  - FirebaseAnalytics/AdIdSupport (10.17.0):
    - FirebaseCore (~> 10.0)
    - FirebaseInstallations (~> 10.0)
    - GoogleAppMeasurement (= 10.17.0)
    - GoogleUtilities/AppDelegateSwizzler (~> 7.11)
    - GoogleUtilities/MethodSwizzler (~> 7.11)
    - GoogleUtilities/Network (~> 7.11)
    - "GoogleUtilities/NSData+zlib (~> 7.11)"
    - nanopb (< 2.30910.0, >= 2.30908.0)
  - FirebaseAppCheckInterop (10.18.0)
  - FirebaseAuth (10.17.0):
    - FirebaseAppCheckInterop (~> 10.17)
    - FirebaseCore (~> 10.0)
    - GoogleUtilities/AppDelegateSwizzler (~> 7.8)
    - GoogleUtilities/Environment (~> 7.8)
    - GTMSessionFetcher/Core (< 4.0, >= 2.1)
    - RecaptchaInterop (~> 100.0)
  - FirebaseCore (10.17.0):
    - FirebaseCoreInternal (~> 10.0)
    - GoogleUtilities/Environment (~> 7.8)
    - GoogleUtilities/Logger (~> 7.8)
  - FirebaseCoreExtension (10.17.0):
    - FirebaseCore (~> 10.0)
  - FirebaseCoreInternal (10.18.0):
    - "GoogleUtilities/NSData+zlib (~> 7.8)"
  - FirebaseDatabase (10.17.0):
    - FirebaseAppCheckInterop (~> 10.17)
    - FirebaseCore (~> 10.0)
    - FirebaseSharedSwift (~> 10.0)
    - leveldb-library (~> 1.22)
  - FirebaseDynamicLinks (10.17.0):
    - FirebaseCore (~> 10.0)
  - FirebaseInstallations (10.18.0):
    - FirebaseCore (~> 10.0)
    - GoogleUtilities/Environment (~> 7.8)
    - GoogleUtilities/UserDefaults (~> 7.8)
    - PromisesObjC (~> 2.1)
  - FirebaseMessaging (10.17.0):
    - FirebaseCore (~> 10.0)
    - FirebaseInstallations (~> 10.0)
    - GoogleDataTransport (~> 9.2)
    - GoogleUtilities/AppDelegateSwizzler (~> 7.8)
    - GoogleUtilities/Environment (~> 7.8)
    - GoogleUtilities/Reachability (~> 7.8)
    - GoogleUtilities/UserDefaults (~> 7.8)
    - nanopb (< 2.30910.0, >= 2.30908.0)
  - FirebaseSharedSwift (10.18.0)
  - fmt (6.2.1)
  - glog (0.3.5)
  - GoogleAppMeasurement (10.17.0):
    - GoogleAppMeasurement/AdIdSupport (= 10.17.0)
    - GoogleUtilities/AppDelegateSwizzler (~> 7.11)
    - GoogleUtilities/MethodSwizzler (~> 7.11)
    - GoogleUtilities/Network (~> 7.11)
    - "GoogleUtilities/NSData+zlib (~> 7.11)"
    - nanopb (< 2.30910.0, >= 2.30908.0)
  - GoogleAppMeasurement/AdIdSupport (10.17.0):
    - GoogleAppMeasurement/WithoutAdIdSupport (= 10.17.0)
    - GoogleUtilities/AppDelegateSwizzler (~> 7.11)
    - GoogleUtilities/MethodSwizzler (~> 7.11)
    - GoogleUtilities/Network (~> 7.11)
    - "GoogleUtilities/NSData+zlib (~> 7.11)"
    - nanopb (< 2.30910.0, >= 2.30908.0)
  - GoogleAppMeasurement/WithoutAdIdSupport (10.17.0):
    - GoogleUtilities/AppDelegateSwizzler (~> 7.11)
    - GoogleUtilities/MethodSwizzler (~> 7.11)
    - GoogleUtilities/Network (~> 7.11)
    - "GoogleUtilities/NSData+zlib (~> 7.11)"
    - nanopb (< 2.30910.0, >= 2.30908.0)
  - GoogleDataTransport (9.2.5):
    - GoogleUtilities/Environment (~> 7.7)
    - nanopb (< 2.30910.0, >= 2.30908.0)
    - PromisesObjC (< 3.0, >= 1.2)
  - GoogleSignIn (6.2.4):
    - AppAuth (~> 1.5)
    - GTMAppAuth (~> 1.3)
    - GTMSessionFetcher/Core (< 3.0, >= 1.1)
  - GoogleUtilities (7.12.0):
    - GoogleUtilities/AppDelegateSwizzler (= 7.12.0)
    - GoogleUtilities/Environment (= 7.12.0)
    - GoogleUtilities/ISASwizzler (= 7.12.0)
    - GoogleUtilities/Logger (= 7.12.0)
    - GoogleUtilities/MethodSwizzler (= 7.12.0)
    - GoogleUtilities/Network (= 7.12.0)
    - "GoogleUtilities/NSData+zlib (= 7.12.0)"
    - GoogleUtilities/Reachability (= 7.12.0)
    - GoogleUtilities/SwizzlerTestHelpers (= 7.12.0)
    - GoogleUtilities/UserDefaults (= 7.12.0)
  - GoogleUtilities/AppDelegateSwizzler (7.12.0):
    - GoogleUtilities/Environment
    - GoogleUtilities/Logger
    - GoogleUtilities/Network
  - GoogleUtilities/Environment (7.12.0):
    - PromisesObjC (< 3.0, >= 1.2)
  - GoogleUtilities/ISASwizzler (7.12.0)
  - GoogleUtilities/Logger (7.12.0):
    - GoogleUtilities/Environment
  - GoogleUtilities/MethodSwizzler (7.12.0):
    - GoogleUtilities/Logger
  - GoogleUtilities/Network (7.12.0):
    - GoogleUtilities/Logger
    - "GoogleUtilities/NSData+zlib"
    - GoogleUtilities/Reachability
  - "GoogleUtilities/NSData+zlib (7.12.0)"
  - GoogleUtilities/Reachability (7.12.0):
    - GoogleUtilities/Logger
  - GoogleUtilities/SwizzlerTestHelpers (7.12.0):
    - GoogleUtilities/MethodSwizzler
  - GoogleUtilities/UserDefaults (7.12.0):
    - GoogleUtilities/Logger
  - GTMAppAuth (1.3.1):
    - AppAuth/Core (~> 1.6)
    - GTMSessionFetcher/Core (< 3.0, >= 1.5)
  - GTMSessionFetcher/Core (2.3.0)
  - leveldb-library (1.22.2)
  - lottie-ios (4.3.3)
  - lottie-react-native (6.4.1):
    - lottie-ios (~> 4.3.3)
    - React-Core
  - nanopb (2.30909.1):
    - nanopb/decode (= 2.30909.1)
    - nanopb/encode (= 2.30909.1)
  - nanopb/decode (2.30909.1)
  - nanopb/encode (2.30909.1)
  - PromisesObjC (2.3.1)
  - RCT-Folly (2021.07.22.00):
    - boost
    - DoubleConversion
    - fmt (~> 6.2.1)
    - glog
    - RCT-Folly/Default (= 2021.07.22.00)
  - RCT-Folly/Default (2021.07.22.00):
    - boost
    - DoubleConversion
    - fmt (~> 6.2.1)
    - glog
  - RCTRequired (0.71.6)
  - RCTTypeSafety (0.71.6):
    - FBLazyVector (= 0.71.6)
    - RCTRequired (= 0.71.6)
    - React-Core (= 0.71.6)
  - React (0.71.6):
    - React-Core (= 0.71.6)
    - React-Core/DevSupport (= 0.71.6)
    - React-Core/RCTWebSocket (= 0.71.6)
    - React-RCTActionSheet (= 0.71.6)
    - React-RCTAnimation (= 0.71.6)
    - React-RCTBlob (= 0.71.6)
    - React-RCTImage (= 0.71.6)
    - React-RCTLinking (= 0.71.6)
    - React-RCTNetwork (= 0.71.6)
    - React-RCTSettings (= 0.71.6)
    - React-RCTText (= 0.71.6)
    - React-RCTVibration (= 0.71.6)
  - React-callinvoker (0.71.6)
  - React-Codegen (0.71.6):
    - FBReactNativeSpec
    - RCT-Folly
    - RCTRequired
    - RCTTypeSafety
    - React-Core
    - React-jsc
    - React-jsi
    - React-jsiexecutor
    - ReactCommon/turbomodule/bridging
    - ReactCommon/turbomodule/core
  - React-Core (0.71.6):
    - glog
    - RCT-Folly (= 2021.07.22.00)
    - React-Core/Default (= 0.71.6)
    - React-cxxreact (= 0.71.6)
    - React-jsc
    - React-jsi (= 0.71.6)
    - React-jsiexecutor (= 0.71.6)
    - React-perflogger (= 0.71.6)
    - Yoga
  - React-Core/CoreModulesHeaders (0.71.6):
    - glog
    - RCT-Folly (= 2021.07.22.00)
    - React-Core/Default
    - React-cxxreact (= 0.71.6)
    - React-jsc
    - React-jsi (= 0.71.6)
    - React-jsiexecutor (= 0.71.6)
    - React-perflogger (= 0.71.6)
    - Yoga
  - React-Core/Default (0.71.6):
    - glog
    - RCT-Folly (= 2021.07.22.00)
    - React-cxxreact (= 0.71.6)
    - React-jsc
    - React-jsi (= 0.71.6)
    - React-jsiexecutor (= 0.71.6)
    - React-perflogger (= 0.71.6)
    - Yoga
  - React-Core/DevSupport (0.71.6):
    - glog
    - RCT-Folly (= 2021.07.22.00)
    - React-Core/Default (= 0.71.6)
    - React-Core/RCTWebSocket (= 0.71.6)
    - React-cxxreact (= 0.71.6)
    - React-jsc
    - React-jsi (= 0.71.6)
    - React-jsiexecutor (= 0.71.6)
    - React-jsinspector (= 0.71.6)
    - React-perflogger (= 0.71.6)
    - Yoga
  - React-Core/RCTActionSheetHeaders (0.71.6):
    - glog
    - RCT-Folly (= 2021.07.22.00)
    - React-Core/Default
    - React-cxxreact (= 0.71.6)
    - React-jsc
    - React-jsi (= 0.71.6)
    - React-jsiexecutor (= 0.71.6)
    - React-perflogger (= 0.71.6)
    - Yoga
  - React-Core/RCTAnimationHeaders (0.71.6):
    - glog
    - RCT-Folly (= 2021.07.22.00)
    - React-Core/Default
    - React-cxxreact (= 0.71.6)
    - React-jsc
    - React-jsi (= 0.71.6)
    - React-jsiexecutor (= 0.71.6)
    - React-perflogger (= 0.71.6)
    - Yoga
  - React-Core/RCTBlobHeaders (0.71.6):
    - glog
    - RCT-Folly (= 2021.07.22.00)
    - React-Core/Default
    - React-cxxreact (= 0.71.6)
    - React-jsc
    - React-jsi (= 0.71.6)
    - React-jsiexecutor (= 0.71.6)
    - React-perflogger (= 0.71.6)
    - Yoga
  - React-Core/RCTImageHeaders (0.71.6):
    - glog
    - RCT-Folly (= 2021.07.22.00)
    - React-Core/Default
    - React-cxxreact (= 0.71.6)
    - React-jsc
    - React-jsi (= 0.71.6)
    - React-jsiexecutor (= 0.71.6)
    - React-perflogger (= 0.71.6)
    - Yoga
  - React-Core/RCTLinkingHeaders (0.71.6):
    - glog
    - RCT-Folly (= 2021.07.22.00)
    - React-Core/Default
    - React-cxxreact (= 0.71.6)
    - React-jsc
    - React-jsi (= 0.71.6)
    - React-jsiexecutor (= 0.71.6)
    - React-perflogger (= 0.71.6)
    - Yoga
  - React-Core/RCTNetworkHeaders (0.71.6):
    - glog
    - RCT-Folly (= 2021.07.22.00)
    - React-Core/Default
    - React-cxxreact (= 0.71.6)
    - React-jsc
    - React-jsi (= 0.71.6)
    - React-jsiexecutor (= 0.71.6)
    - React-perflogger (= 0.71.6)
    - Yoga
  - React-Core/RCTSettingsHeaders (0.71.6):
    - glog
    - RCT-Folly (= 2021.07.22.00)
    - React-Core/Default
    - React-cxxreact (= 0.71.6)
    - React-jsc
    - React-jsi (= 0.71.6)
    - React-jsiexecutor (= 0.71.6)
    - React-perflogger (= 0.71.6)
    - Yoga
  - React-Core/RCTTextHeaders (0.71.6):
    - glog
    - RCT-Folly (= 2021.07.22.00)
    - React-Core/Default
    - React-cxxreact (= 0.71.6)
    - React-jsc
    - React-jsi (= 0.71.6)
    - React-jsiexecutor (= 0.71.6)
    - React-perflogger (= 0.71.6)
    - Yoga
  - React-Core/RCTVibrationHeaders (0.71.6):
    - glog
    - RCT-Folly (= 2021.07.22.00)
    - React-Core/Default
    - React-cxxreact (= 0.71.6)
    - React-jsc
    - React-jsi (= 0.71.6)
    - React-jsiexecutor (= 0.71.6)
    - React-perflogger (= 0.71.6)
    - Yoga
  - React-Core/RCTWebSocket (0.71.6):
    - glog
    - RCT-Folly (= 2021.07.22.00)
    - React-Core/Default (= 0.71.6)
    - React-cxxreact (= 0.71.6)
    - React-jsc
    - React-jsi (= 0.71.6)
    - React-jsiexecutor (= 0.71.6)
    - React-perflogger (= 0.71.6)
    - Yoga
  - React-CoreModules (0.71.6):
    - RCT-Folly (= 2021.07.22.00)
    - RCTTypeSafety (= 0.71.6)
    - React-Codegen (= 0.71.6)
    - React-Core/CoreModulesHeaders (= 0.71.6)
    - React-jsi (= 0.71.6)
    - React-RCTBlob
    - React-RCTImage (= 0.71.6)
    - ReactCommon/turbomodule/core (= 0.71.6)
  - React-cxxreact (0.71.6):
    - boost (= 1.76.0)
    - DoubleConversion
    - glog
    - RCT-Folly (= 2021.07.22.00)
    - React-callinvoker (= 0.71.6)
    - React-jsi (= 0.71.6)
    - React-jsinspector (= 0.71.6)
    - React-logger (= 0.71.6)
    - React-perflogger (= 0.71.6)
    - React-runtimeexecutor (= 0.71.6)
  - React-jsc (0.71.6):
    - React-jsc/Fabric (= 0.71.6)
    - React-jsi (= 0.71.6)
  - React-jsc/Fabric (0.71.6):
    - React-jsi (= 0.71.6)
  - React-jsi (0.71.6):
    - boost (= 1.76.0)
    - DoubleConversion
    - glog
    - RCT-Folly (= 2021.07.22.00)
  - React-jsiexecutor (0.71.6):
    - DoubleConversion
    - glog
    - RCT-Folly (= 2021.07.22.00)
    - React-cxxreact (= 0.71.6)
    - React-jsi (= 0.71.6)
    - React-perflogger (= 0.71.6)
  - React-jsinspector (0.71.6)
  - React-logger (0.71.6):
    - glog
  - react-native-blob-util (0.19.4):
    - React-Core
  - react-native-date-picker (4.3.3):
    - React-Core
  - react-native-document-picker (9.0.1):
    - React-Core
  - react-native-fbsdk (3.0.0):
    - React
    - react-native-fbsdk/Core (= 3.0.0)
    - react-native-fbsdk/Login (= 3.0.0)
    - react-native-fbsdk/Share (= 3.0.0)
  - react-native-fbsdk/Core (3.0.0):
    - FBSDKCoreKit (~> 8.1)
    - React
  - react-native-fbsdk/Login (3.0.0):
    - FBSDKLoginKit (~> 8.1)
    - React
  - react-native-fbsdk/Share (3.0.0):
    - FBSDKShareKit (~> 8.1)
    - React
  - react-native-geolocation (3.1.0):
    - React-Core
  - react-native-maps (1.8.0):
    - React-Core
  - react-native-orientation-locker (1.6.0):
    - React-Core
  - react-native-pdf (6.7.3):
    - React-Core
  - react-native-safe-area-context (4.7.4):
    - React-Core
  - react-native-twilio-phone (1.10.0):
    - React
    - TwilioVoice (~> 6.3)
  - react-native-twilio-video-webrtc (3.2.0):
    - React
    - TwilioVideo (~> 4.6)
  - react-native-webview (13.6.2):
    - React-Core
  - React-perflogger (0.71.6)
  - React-RCTActionSheet (0.71.6):
    - React-Core/RCTActionSheetHeaders (= 0.71.6)
  - React-RCTAnimation (0.71.6):
    - RCT-Folly (= 2021.07.22.00)
    - RCTTypeSafety (= 0.71.6)
    - React-Codegen (= 0.71.6)
    - React-Core/RCTAnimationHeaders (= 0.71.6)
    - React-jsi (= 0.71.6)
    - ReactCommon/turbomodule/core (= 0.71.6)
  - React-RCTAppDelegate (0.71.6):
    - RCT-Folly
    - RCTRequired
    - RCTTypeSafety
    - React-Core
    - ReactCommon/turbomodule/core
  - React-RCTBlob (0.71.6):
    - RCT-Folly (= 2021.07.22.00)
    - React-Codegen (= 0.71.6)
    - React-Core/RCTBlobHeaders (= 0.71.6)
    - React-Core/RCTWebSocket (= 0.71.6)
    - React-jsi (= 0.71.6)
    - React-RCTNetwork (= 0.71.6)
    - ReactCommon/turbomodule/core (= 0.71.6)
  - React-RCTImage (0.71.6):
    - RCT-Folly (= 2021.07.22.00)
    - RCTTypeSafety (= 0.71.6)
    - React-Codegen (= 0.71.6)
    - React-Core/RCTImageHeaders (= 0.71.6)
    - React-jsi (= 0.71.6)
    - React-RCTNetwork (= 0.71.6)
    - ReactCommon/turbomodule/core (= 0.71.6)
  - React-RCTLinking (0.71.6):
    - React-Codegen (= 0.71.6)
    - React-Core/RCTLinkingHeaders (= 0.71.6)
    - React-jsi (= 0.71.6)
    - ReactCommon/turbomodule/core (= 0.71.6)
  - React-RCTNetwork (0.71.6):
    - RCT-Folly (= 2021.07.22.00)
    - RCTTypeSafety (= 0.71.6)
    - React-Codegen (= 0.71.6)
    - React-Core/RCTNetworkHeaders (= 0.71.6)
    - React-jsi (= 0.71.6)
    - ReactCommon/turbomodule/core (= 0.71.6)
  - React-RCTSettings (0.71.6):
    - RCT-Folly (= 2021.07.22.00)
    - RCTTypeSafety (= 0.71.6)
    - React-Codegen (= 0.71.6)
    - React-Core/RCTSettingsHeaders (= 0.71.6)
    - React-jsi (= 0.71.6)
    - ReactCommon/turbomodule/core (= 0.71.6)
  - React-RCTText (0.71.6):
    - React-Core/RCTTextHeaders (= 0.71.6)
  - React-RCTVibration (0.71.6):
    - RCT-Folly (= 2021.07.22.00)
    - React-Codegen (= 0.71.6)
    - React-Core/RCTVibrationHeaders (= 0.71.6)
    - React-jsi (= 0.71.6)
    - ReactCommon/turbomodule/core (= 0.71.6)
  - React-runtimeexecutor (0.71.6):
    - React-jsi (= 0.71.6)
  - ReactCommon/turbomodule/bridging (0.71.6):
    - DoubleConversion
    - glog
    - RCT-Folly (= 2021.07.22.00)
    - React-callinvoker (= 0.71.6)
    - React-Core (= 0.71.6)
    - React-cxxreact (= 0.71.6)
    - React-jsi (= 0.71.6)
    - React-logger (= 0.71.6)
    - React-perflogger (= 0.71.6)
  - ReactCommon/turbomodule/core (0.71.6):
    - DoubleConversion
    - glog
    - RCT-Folly (= 2021.07.22.00)
    - React-callinvoker (= 0.71.6)
    - React-Core (= 0.71.6)
    - React-cxxreact (= 0.71.6)
    - React-jsi (= 0.71.6)
    - React-logger (= 0.71.6)
    - React-perflogger (= 0.71.6)
  - ReactNativeGetLocation (3.0.1):
    - React-Core
  - RecaptchaInterop (100.0.0)
  - RNAppleAuthentication (2.3.0):
    - React-Core
  - RNCallKeep (4.3.12):
    - React
  - RNCAsyncStorage (1.12.1):
    - React-Core
  - RNCMaskedView (0.3.0):
    - React-Core
  - RNCPicker (2.5.1):
    - React-Core
  - RNDateTimePicker (7.6.1):
    - React-Core
  - RNDeviceInfo (10.11.0):
    - React-Core
  - RNFBApp (18.6.1):
    - Firebase/CoreOnly (= 10.17.0)
    - React-Core
  - RNFBAuth (18.6.1):
    - Firebase/Auth (= 10.17.0)
    - React-Core
    - RNFBApp
  - RNFBDatabase (18.6.1):
    - Firebase/Database (= 10.17.0)
    - React-Core
    - RNFBApp
  - RNFBDynamicLinks (18.6.1):
    - Firebase/DynamicLinks (= 10.17.0)
    - GoogleUtilities/AppDelegateSwizzler
    - React-Core
    - RNFBApp
  - RNFBMessaging (18.6.1):
    - Firebase/Messaging (= 10.17.0)
    - FirebaseCoreExtension (= 10.17.0)
    - React-Core
    - RNFBApp
  - RNGestureHandler (2.13.4):
    - RCT-Folly (= 2021.07.22.00)
    - React-Core
  - RNGoogleSignin (9.1.0):
    - GoogleSignIn (~> 6.2)
    - React-Core
  - RNImageCropPicker (0.39.0):
    - React-Core
    - React-RCTImage
    - RNImageCropPicker/QBImagePickerController (= 0.39.0)
    - TOCropViewController
  - RNImageCropPicker/QBImagePickerController (0.39.0):
    - React-Core
    - React-RCTImage
    - TOCropViewController
  - RNPermissions (3.10.1):
    - React-Core
  - RNReanimated (2.17.0):
    - DoubleConversion
    - FBLazyVector
    - FBReactNativeSpec
    - glog
    - RCT-Folly
    - RCTRequired
    - RCTTypeSafety
    - React-callinvoker
    - React-Core
    - React-Core/DevSupport
    - React-Core/RCTWebSocket
    - React-CoreModules
    - React-cxxreact
    - React-jsi
    - React-jsiexecutor
    - React-jsinspector
    - React-RCTActionSheet
    - React-RCTAnimation
    - React-RCTBlob
    - React-RCTImage
    - React-RCTLinking
    - React-RCTNetwork
    - React-RCTSettings
    - React-RCTText
    - ReactCommon/turbomodule/core
    - Yoga
  - RNScreens (3.27.0):
    - RCT-Folly (= 2021.07.22.00)
    - React-Core
  - RNSVG (13.14.0):
    - React-Core
  - RNVectorIcons (10.0.2):
    - RCT-Folly (= 2021.07.22.00)
    - React-Core
  - RNVoipPushNotification (3.3.2):
    - React-Core
  - TOCropViewController (2.6.1)
  - twilio-voice-react-native (1.0.0-rc8):
    - React-Core
    - TwilioVoice (= 6.5.2)
  - TwilioVideo (4.6.3)
  - TwilioVoice (6.5.2)
  - Yoga (1.14.0)

DEPENDENCIES:
  - boost (from `../node_modules/react-native/third-party-podspecs/boost.podspec`)
  - BVLinearGradient (from `../node_modules/react-native-linear-gradient`)
  - DoubleConversion (from `../node_modules/react-native/third-party-podspecs/DoubleConversion.podspec`)
  - FBLazyVector (from `../node_modules/react-native/Libraries/FBLazyVector`)
  - FBReactNativeSpec (from `../node_modules/react-native/React/FBReactNativeSpec`)
  - Firebase
  - FirebaseCore
  - glog (from `../node_modules/react-native/third-party-podspecs/glog.podspec`)
  - GoogleUtilities
  - lottie-react-native (from `../node_modules/lottie-react-native`)
  - RCT-Folly (from `../node_modules/react-native/third-party-podspecs/RCT-Folly.podspec`)
  - RCTRequired (from `../node_modules/react-native/Libraries/RCTRequired`)
  - RCTTypeSafety (from `../node_modules/react-native/Libraries/TypeSafety`)
  - React (from `../node_modules/react-native/`)
  - React-callinvoker (from `../node_modules/react-native/ReactCommon/callinvoker`)
  - React-Codegen (from `build/generated/ios`)
  - React-Core (from `../node_modules/react-native/`)
  - React-Core/RCTWebSocket (from `../node_modules/react-native/`)
  - React-CoreModules (from `../node_modules/react-native/React/CoreModules`)
  - React-cxxreact (from `../node_modules/react-native/ReactCommon/cxxreact`)
  - React-jsc (from `../node_modules/react-native/ReactCommon/jsc`)
  - React-jsi (from `../node_modules/react-native/ReactCommon/jsi`)
  - React-jsiexecutor (from `../node_modules/react-native/ReactCommon/jsiexecutor`)
  - React-jsinspector (from `../node_modules/react-native/ReactCommon/jsinspector`)
  - React-logger (from `../node_modules/react-native/ReactCommon/logger`)
  - react-native-blob-util (from `../node_modules/react-native-blob-util`)
  - react-native-date-picker (from `../node_modules/react-native-date-picker`)
  - react-native-document-picker (from `../node_modules/react-native-document-picker`)
  - react-native-fbsdk (from `../node_modules/react-native-fbsdk`)
  - "react-native-geolocation (from `../node_modules/@react-native-community/geolocation`)"
  - react-native-maps (from `../node_modules/react-native-maps`)
  - react-native-orientation-locker (from `../node_modules/react-native-orientation-locker`)
  - react-native-pdf (from `../node_modules/react-native-pdf`)
  - react-native-safe-area-context (from `../node_modules/react-native-safe-area-context`)
  - react-native-twilio-phone (from `../node_modules/react-native-twilio-phone`)
  - react-native-twilio-video-webrtc (from `../node_modules/react-native-twilio-video-webrtc`)
  - react-native-webview (from `../node_modules/react-native-webview`)
  - React-perflogger (from `../node_modules/react-native/ReactCommon/reactperflogger`)
  - React-RCTActionSheet (from `../node_modules/react-native/Libraries/ActionSheetIOS`)
  - React-RCTAnimation (from `../node_modules/react-native/Libraries/NativeAnimation`)
  - React-RCTAppDelegate (from `../node_modules/react-native/Libraries/AppDelegate`)
  - React-RCTBlob (from `../node_modules/react-native/Libraries/Blob`)
  - React-RCTImage (from `../node_modules/react-native/Libraries/Image`)
  - React-RCTLinking (from `../node_modules/react-native/Libraries/LinkingIOS`)
  - React-RCTNetwork (from `../node_modules/react-native/Libraries/Network`)
  - React-RCTSettings (from `../node_modules/react-native/Libraries/Settings`)
  - React-RCTText (from `../node_modules/react-native/Libraries/Text`)
  - React-RCTVibration (from `../node_modules/react-native/Libraries/Vibration`)
  - React-runtimeexecutor (from `../node_modules/react-native/ReactCommon/runtimeexecutor`)
  - ReactCommon/turbomodule/core (from `../node_modules/react-native/ReactCommon`)
  - ReactNativeGetLocation (from `../node_modules/react-native-get-location`)
  - "RNAppleAuthentication (from `../node_modules/@invertase/react-native-apple-authentication`)"
  - RNCallKeep (from `../node_modules/react-native-callkeep`)
  - "RNCAsyncStorage (from `../node_modules/@react-native-community/async-storage`)"
  - "RNCMaskedView (from `../node_modules/@react-native-masked-view/masked-view`)"
  - "RNCPicker (from `../node_modules/@react-native-picker/picker`)"
  - "RNDateTimePicker (from `../node_modules/@react-native-community/datetimepicker`)"
  - RNDeviceInfo (from `../node_modules/react-native-device-info`)
  - "RNFBApp (from `../node_modules/@react-native-firebase/app`)"
  - "RNFBAuth (from `../node_modules/@react-native-firebase/auth`)"
  - "RNFBDatabase (from `../node_modules/@react-native-firebase/database`)"
  - "RNFBDynamicLinks (from `../node_modules/@react-native-firebase/dynamic-links`)"
  - "RNFBMessaging (from `../node_modules/@react-native-firebase/messaging`)"
  - RNGestureHandler (from `../node_modules/react-native-gesture-handler`)
  - "RNGoogleSignin (from `../node_modules/@react-native-google-signin/google-signin`)"
  - RNImageCropPicker (from `../node_modules/react-native-image-crop-picker`)
  - RNPermissions (from `../node_modules/react-native-permissions`)
  - RNReanimated (from `../node_modules/react-native-reanimated`)
  - RNScreens (from `../node_modules/react-native-screens`)
  - RNSVG (from `../node_modules/react-native-svg`)
  - RNVectorIcons (from `../node_modules/react-native-vector-icons`)
  - RNVoipPushNotification (from `../node_modules/react-native-voip-push-notification`)
  - "twilio-voice-react-native (from `../node_modules/@twilio/voice-react-native-sdk`)"
  - TwilioVideo
  - Yoga (from `../node_modules/react-native/ReactCommon/yoga`)

SPEC REPOS:
  trunk:
    - AppAuth
    - FBSDKCoreKit
    - FBSDKLoginKit
    - FBSDKShareKit
    - Firebase
    - FirebaseAnalytics
    - FirebaseAppCheckInterop
    - FirebaseAuth
    - FirebaseCore
    - FirebaseCoreExtension
    - FirebaseCoreInternal
    - FirebaseDatabase
    - FirebaseDynamicLinks
    - FirebaseInstallations
    - FirebaseMessaging
    - FirebaseSharedSwift
    - fmt
    - GoogleAppMeasurement
    - GoogleDataTransport
    - GoogleSignIn
    - GoogleUtilities
    - GTMAppAuth
    - GTMSessionFetcher
    - leveldb-library
    - lottie-ios
    - nanopb
    - PromisesObjC
    - RecaptchaInterop
    - TOCropViewController
    - TwilioVideo
    - TwilioVoice

EXTERNAL SOURCES:
  boost:
    :podspec: "../node_modules/react-native/third-party-podspecs/boost.podspec"
  BVLinearGradient:
    :path: "../node_modules/react-native-linear-gradient"
  DoubleConversion:
    :podspec: "../node_modules/react-native/third-party-podspecs/DoubleConversion.podspec"
  FBLazyVector:
    :path: "../node_modules/react-native/Libraries/FBLazyVector"
  FBReactNativeSpec:
    :path: "../node_modules/react-native/React/FBReactNativeSpec"
  glog:
    :podspec: "../node_modules/react-native/third-party-podspecs/glog.podspec"
  lottie-react-native:
    :path: "../node_modules/lottie-react-native"
  RCT-Folly:
    :podspec: "../node_modules/react-native/third-party-podspecs/RCT-Folly.podspec"
  RCTRequired:
    :path: "../node_modules/react-native/Libraries/RCTRequired"
  RCTTypeSafety:
    :path: "../node_modules/react-native/Libraries/TypeSafety"
  React:
    :path: "../node_modules/react-native/"
  React-callinvoker:
    :path: "../node_modules/react-native/ReactCommon/callinvoker"
  React-Codegen:
    :path: build/generated/ios
  React-Core:
    :path: "../node_modules/react-native/"
  React-CoreModules:
    :path: "../node_modules/react-native/React/CoreModules"
  React-cxxreact:
    :path: "../node_modules/react-native/ReactCommon/cxxreact"
  React-jsc:
    :path: "../node_modules/react-native/ReactCommon/jsc"
  React-jsi:
    :path: "../node_modules/react-native/ReactCommon/jsi"
  React-jsiexecutor:
    :path: "../node_modules/react-native/ReactCommon/jsiexecutor"
  React-jsinspector:
    :path: "../node_modules/react-native/ReactCommon/jsinspector"
  React-logger:
    :path: "../node_modules/react-native/ReactCommon/logger"
  react-native-blob-util:
    :path: "../node_modules/react-native-blob-util"
  react-native-date-picker:
    :path: "../node_modules/react-native-date-picker"
  react-native-document-picker:
    :path: "../node_modules/react-native-document-picker"
  react-native-fbsdk:
    :path: "../node_modules/react-native-fbsdk"
  react-native-geolocation:
    :path: "../node_modules/@react-native-community/geolocation"
  react-native-maps:
    :path: "../node_modules/react-native-maps"
  react-native-orientation-locker:
    :path: "../node_modules/react-native-orientation-locker"
  react-native-pdf:
    :path: "../node_modules/react-native-pdf"
  react-native-safe-area-context:
    :path: "../node_modules/react-native-safe-area-context"
  react-native-twilio-phone:
    :path: "../node_modules/react-native-twilio-phone"
  react-native-twilio-video-webrtc:
    :path: "../node_modules/react-native-twilio-video-webrtc"
  react-native-webview:
    :path: "../node_modules/react-native-webview"
  React-perflogger:
    :path: "../node_modules/react-native/ReactCommon/reactperflogger"
  React-RCTActionSheet:
    :path: "../node_modules/react-native/Libraries/ActionSheetIOS"
  React-RCTAnimation:
    :path: "../node_modules/react-native/Libraries/NativeAnimation"
  React-RCTAppDelegate:
    :path: "../node_modules/react-native/Libraries/AppDelegate"
  React-RCTBlob:
    :path: "../node_modules/react-native/Libraries/Blob"
  React-RCTImage:
    :path: "../node_modules/react-native/Libraries/Image"
  React-RCTLinking:
    :path: "../node_modules/react-native/Libraries/LinkingIOS"
  React-RCTNetwork:
    :path: "../node_modules/react-native/Libraries/Network"
  React-RCTSettings:
    :path: "../node_modules/react-native/Libraries/Settings"
  React-RCTText:
    :path: "../node_modules/react-native/Libraries/Text"
  React-RCTVibration:
    :path: "../node_modules/react-native/Libraries/Vibration"
  React-runtimeexecutor:
    :path: "../node_modules/react-native/ReactCommon/runtimeexecutor"
  ReactCommon:
    :path: "../node_modules/react-native/ReactCommon"
  ReactNativeGetLocation:
    :path: "../node_modules/react-native-get-location"
  RNAppleAuthentication:
    :path: "../node_modules/@invertase/react-native-apple-authentication"
  RNCallKeep:
    :path: "../node_modules/react-native-callkeep"
  RNCAsyncStorage:
    :path: "../node_modules/@react-native-community/async-storage"
  RNCMaskedView:
    :path: "../node_modules/@react-native-masked-view/masked-view"
  RNCPicker:
    :path: "../node_modules/@react-native-picker/picker"
  RNDateTimePicker:
    :path: "../node_modules/@react-native-community/datetimepicker"
  RNDeviceInfo:
    :path: "../node_modules/react-native-device-info"
  RNFBApp:
    :path: "../node_modules/@react-native-firebase/app"
  RNFBAuth:
    :path: "../node_modules/@react-native-firebase/auth"
  RNFBDatabase:
    :path: "../node_modules/@react-native-firebase/database"
  RNFBDynamicLinks:
    :path: "../node_modules/@react-native-firebase/dynamic-links"
  RNFBMessaging:
    :path: "../node_modules/@react-native-firebase/messaging"
  RNGestureHandler:
    :path: "../node_modules/react-native-gesture-handler"
  RNGoogleSignin:
    :path: "../node_modules/@react-native-google-signin/google-signin"
  RNImageCropPicker:
    :path: "../node_modules/react-native-image-crop-picker"
  RNPermissions:
    :path: "../node_modules/react-native-permissions"
  RNReanimated:
    :path: "../node_modules/react-native-reanimated"
  RNScreens:
    :path: "../node_modules/react-native-screens"
  RNSVG:
    :path: "../node_modules/react-native-svg"
  RNVectorIcons:
    :path: "../node_modules/react-native-vector-icons"
  RNVoipPushNotification:
    :path: "../node_modules/react-native-voip-push-notification"
  twilio-voice-react-native:
    :path: "../node_modules/@twilio/voice-react-native-sdk"
  Yoga:
    :path: "../node_modules/react-native/ReactCommon/yoga"

SPEC CHECKSUMS:
  AppAuth: 3bb1d1cd9340bd09f5ed189fb00b1cc28e1e8570
  boost: 57d2868c099736d80fcd648bf211b4431e51a558
  BVLinearGradient: 880f91a7854faff2df62518f0281afb1c60d49a3
  DoubleConversion: 5189b271737e1565bdce30deb4a08d647e3f5f54
  FBLazyVector: a83ceaa8a8581003a623facdb3c44f6d4f342ac5
  FBReactNativeSpec: 85eee79837cb797ab6176f0243a2b40511c09158
  FBSDKCoreKit: 4afd6ff53d8133a433dbcda44451c9498f8c6ce4
  FBSDKLoginKit: 7181765f2524d7ebf82d9629066c8e6caafc99d0
  FBSDKShareKit: 0c0d51b3af47075a85ed9bea0e28b2fc70e3594b
  Firebase: f4ac0b02927af9253ae094d23deecf0890da7374
  FirebaseAnalytics: b9284f9fff10157a843e0422e908711f7bf3b9f2
  FirebaseAppCheckInterop: 3cd914842ba46f4304050874cd284de82f154ffd
  FirebaseAuth: 8d285d9f6e39cc8e23be53a4edd83a923ea629d8
  FirebaseCore: 534544dd98cabcf4bf8598d88ec683b02319a528
  FirebaseCoreExtension: 47720bb330d7041047c0935a34a3a4b92f818074
  FirebaseCoreInternal: 8eb002e564b533bdcf1ba011f33f2b5c10e2ed4a
  FirebaseDatabase: 9a86c80a1a85db15c5c2b52f5829c333391e13fb
  FirebaseDynamicLinks: 66878206d55d4aba6e63744f57151a80d76e472e
  FirebaseInstallations: e842042ec6ac1fd2e37d7706363ebe7f662afea4
  FirebaseMessaging: 1367b28c0c83a63072af4a711328fcc2e6899902
  FirebaseSharedSwift: 62e248642c0582324d0390706cadd314687c116b
  fmt: ff9d55029c625d3757ed641535fd4a75fedc7ce9
  glog: 04b94705f318337d7ead9e6d17c019bd9b1f6b1b
  GoogleAppMeasurement: 4dcddfc7f102825c1c4e6422cb35567b101881a7
  GoogleDataTransport: 54dee9d48d14580407f8f5fbf2f496e92437a2f2
  GoogleSignIn: 5651ce3a61e56ca864160e79b484cd9ed3f49b7a
  GoogleUtilities: 0759d1a57ebb953965c2dfe0ba4c82e95ccc2e34
  GTMAppAuth: 0ff230db599948a9ad7470ca667337803b3fc4dd
  GTMSessionFetcher: 3a63d75eecd6aa32c2fc79f578064e1214dfdec2
  leveldb-library: f03246171cce0484482ec291f88b6d563699ee06
  lottie-ios: 25e7b2675dad5c3ddad369ac9baab03560c5bfdd
  lottie-react-native: a2ae9c27c273b060b2affff2957bc0ff7fdca353
  nanopb: d4d75c12cd1316f4a64e3c6963f879ecd4b5e0d5
  PromisesObjC: c50d2056b5253dadbd6c2bea79b0674bd5a52fa4
  RCT-Folly: 424b8c9a7a0b9ab2886ffe9c3b041ef628fd4fb1
  RCTRequired: 5c6fd63b03abb06947d348dadac51c93e3485bd8
  RCTTypeSafety: 1c66daedd66f674e39ce9f40782f0d490c78b175
  React: e11ca7cdc7aa4ddd7e6a59278b808cfe17ebbd9f
  React-callinvoker: 77a82869505c96945c074b80bbdc8df919646d51
  React-Codegen: c82a2e6d2ad883f00a89d4a80781090a8b1cc3ac
  React-Core: 9896746d1a42a10183cec8003867ae391d28a920
  React-CoreModules: 83d989defdfc82be1f7386f84a56b6509f54ac74
  React-cxxreact: 46e201a9824518a9e49bfb79729402b067a008ce
  React-jsc: f5f7312e31b875ddec3597c298ac013e5a644604
  React-jsi: 89bed41dd010026a1873450b9e79b2b5c804a468
  React-jsiexecutor: fbbbda979d16e09825cced680f799108bec2ab58
  React-jsinspector: d5ce2ef3eb8fd30c28389d0bc577918c70821bd6
  React-logger: 9332c3e7b4ef007a0211c0a9868253aac3e1da82
  react-native-blob-util: 30a6c9fd067aadf9177e61a998f2c7efb670598d
  react-native-date-picker: 1d61c76315098a6ad4c643a356f005916c7d4875
  react-native-document-picker: 2b8f18667caee73a96708a82b284a4f40b30a156
  react-native-fbsdk: 8e92c7a334fd8d9c2b5d8b8fcd7ae2c314161099
  react-native-geolocation: ef66fb798d96284c6043f0b16c15d9d1d4955db4
  react-native-maps: f699e0753c22c4d5c3a44d03895b193a4dbca6c2
  react-native-orientation-locker: 4409c5b12b65f942e75449872b4f078b6f27af81
  react-native-pdf: b4ca3d37a9a86d9165287741c8b2ef4d8940c00e
  react-native-safe-area-context: 2cd91d532de12acdb0a9cbc8d43ac72a8e4c897c
  react-native-twilio-phone: 80da6832c92cd6415bca8f31d2c24e34ea9bec20
  react-native-twilio-video-webrtc: 55b6948742aac81f62ca692c97d055aa0206648f
  react-native-webview: 8fc09f66a1a5b16bbe37c3878fda27d5982bb776
  React-perflogger: 43392072a5b867a504e2b4857606f8fc5a403d7f
  React-RCTActionSheet: c7b67c125bebeda9fb19fc7b200d85cb9d6899c4
  React-RCTAnimation: c2de79906f607986633a7114bee44854e4c7e2f5
  React-RCTAppDelegate: 2660c1bfb98bf39f7954a076439430502ae220e2
  React-RCTBlob: f8ab8edbb0e4006d260fdda8963ec937192a7f48
  React-RCTImage: c6093f1bf3d67c0428d779b00390617d5bd90699
  React-RCTLinking: 5de47e37937889d22599af4b99d0552bad1b1c3c
  React-RCTNetwork: e7d7077e073b08e5dd486fba3fe87ccad90a9bc4
  React-RCTSettings: 72a04921b2e8fb832da7201a60ffffff2a7c62f7
  React-RCTText: 7123c70fef5367e2121fea37e65b9ad6d3747e54
  React-RCTVibration: 73d201599a64ea14b4e0b8f91b64970979fd92e6
  React-runtimeexecutor: 8692ac548bec648fa121980ccb4304afd136d584
  ReactCommon: e1067159764444e5db7c14e294d5cd79fb159c59
  ReactNativeGetLocation: d8e41c5d499fd26f308502405cadb1f59e6179d6
  RecaptchaInterop: 7d1a4a01a6b2cb1610a47ef3f85f0c411434cb21
  RNAppleAuthentication: e99eaf3c4c01ad8ecb6125dd6f0cfd98871685b5
  RNCallKeep: aa9b1f9286f8f60d7b7d41ee5de47de564356aac
  RNCAsyncStorage: b03032fdbdb725bea0bd9e5ec5a7272865ae7398
  RNCMaskedView: f7c74478c83c4fdfc5cf4df51f80c0dd5cf125c6
  RNCPicker: 529d564911e93598cc399b56cc0769ce3675f8c8
  RNDateTimePicker: 8fb39263b721223e095248acaf6f406d5b7f6713
  RNDeviceInfo: bf8a32acbcb875f568217285d1793b0e8588c974
  RNFBApp: b43d4829366a5065e17f9af3b03a0c4890eaeb85
  RNFBAuth: 944424c5ba04e250d35eccd3ee2033d6fd7150d7
  RNFBDatabase: de5204b9e472985132bda4a8286ea2faee5b335c
  RNFBDynamicLinks: 8d7d4bff53ef4dacfb8028ed809053151d760231
  RNFBMessaging: 1b55308131dc7e4cca6b22deb5067f1fdb55f768
  RNGestureHandler: 6e46dde1f87e5f018a54fe5d40cd0e0b942b49ee
  RNGoogleSignin: c15bdaa7e8a9e190b6169d9c96a4e8380a740f22
  RNImageCropPicker: 14fe1c29298fb4018f3186f455c475ab107da332
  RNPermissions: 4e3714e18afe7141d000beae3755e5b5fb2f5e05
  RNReanimated: f186e85d9f28c9383d05ca39e11dd194f59093ec
  RNScreens: 3c2d122f5e08c192e254c510b212306da97d2581
  RNSVG: d00c8f91c3cbf6d476451313a18f04d220d4f396
  RNVectorIcons: 23b6e11af4aaf104d169b1b0afa7e5cf96c676ce
  RNVoipPushNotification: 543e18f83089134a35e7f1d2eba4c8b1f7776b08
  TOCropViewController: edfd4f25713d56905ad1e0b9f5be3fbe0f59c863
  twilio-voice-react-native: 0082c13a6d71e2b621bce7c784cfa95d197603a3
  TwilioVideo: 4afaac028c5886f2f3b313a9fcc146a6b7ca34e2
  TwilioVoice: e83f262f928c86a50a7ba978b26239f43af48126
  Yoga: ba09b6b11e6139e3df8229238aa794205ca6a02a

PODFILE CHECKSUM: bb9f294313175b668338d4dd69684a75fa1df8c6

COCOAPODS: 1.11.3
